# This file was autogenerated by Stack.
# You should not edit this file by hand.
# For more information, please see the documentation at:
#   https://docs.haskellstack.org/en/stable/lock_files

packages:
- completed:
    name: array
    version: 0.5.4.0
    git: https://github.com/matt-noonan/fake-array-test.git
    pantry-tree:
      size: 605
      sha256: 81eb76ec9859f405ed707c354630fd8f64c03f2cf625d1ab4ac8934d7a06e9da
    commit: 6f6c3c12f269b05691729939c0aac294502669bd
  original:
    git: https://github.com/matt-noonan/fake-array-test.git
    commit: 6f6c3c12f269b05691729939c0aac294502669bd
snapshots:
- completed:
    size: 563099
    url: https://raw.githubusercontent.com/commercialhaskell/stackage-snapshots/master/lts/17/2.yaml
    sha256: 92b1a17e31d0a978fca4bf270305d4d1dd8092271bf60eafbc9349c890854026
  original:
    url: https://raw.githubusercontent.com/commercialhaskell/stackage-snapshots/master/lts/17/2.yaml
